
Microsoft Visual Studio Solution File, Format Version 12.00
# Visual Studio Version 17
VisualStudioVersion = 17.0.31903.59
MinimumVisualStudioVersion = 10.0.40219.1
Project("{FAE04EC0-301F-11D3-BF4B-00C04F79EFBC}") = "HandyLink.API", "HandyLink.API\HandyLink.API.csproj", "{BD15BA0F-993B-4C42-B76C-8CB69D634DAF}"
EndProject
Project("{FAE04EC0-301F-11D3-BF4B-00C04F79EFBC}") = "HandyLink.Core", "HandyLink.Core\HandyLink.Core.csproj", "{9E8EB366-8B7B-4FF1-8D71-8A1DEC870D53}"
EndProject
Project("{FAE04EC0-301F-11D3-BF4B-00C04F79EFBC}") = "HandyLink.Infrastructure", "HandyLink.Infrastructure\HandyLink.Infrastructure.csproj", "{46CDFAD8-A70F-4CF4-9937-D4FEF1ED48DB}"
EndProject
Project("{FAE04EC0-301F-11D3-BF4B-00C04F79EFBC}") = "HandyLink.Tests", "HandyLink.Tests\HandyLink.Tests.csproj", "{590E55E1-F95B-40B0-A1F4-400FAB369005}"
EndProject
Global
	GlobalSection(SolutionConfigurationPlatforms) = preSolution
		Debug|Any CPU = Debug|Any CPU
		Debug|x64 = Debug|x64
		Debug|x86 = Debug|x86
		Release|Any CPU = Release|Any CPU
		Release|x64 = Release|x64
		Release|x86 = Release|x86
	EndGlobalSection
	GlobalSection(ProjectConfigurationPlatforms) = postSolution
		{BD15BA0F-993B-4C42-B76C-8CB69D634DAF}.Debug|Any CPU.ActiveCfg = Debug|Any CPU
		{BD15BA0F-993B-4C42-B76C-8CB69D634DAF}.Debug|Any CPU.Build.0 = Debug|Any CPU
		{BD15BA0F-993B-4C42-B76C-8CB69D634DAF}.Debug|x64.ActiveCfg = Debug|Any CPU
		{BD15BA0F-993B-4C42-B76C-8CB69D634DAF}.Debug|x64.Build.0 = Debug|Any CPU
		{BD15BA0F-993B-4C42-B76C-8CB69D634DAF}.Debug|x86.ActiveCfg = Debug|Any CPU
		{BD15BA0F-993B-4C42-B76C-8CB69D634DAF}.Debug|x86.Build.0 = Debug|Any CPU
		{BD15BA0F-993B-4C42-B76C-8CB69D634DAF}.Release|Any CPU.ActiveCfg = Release|Any CPU
		{BD15BA0F-993B-4C42-B76C-8CB69D634DAF}.Release|Any CPU.Build.0 = Release|Any CPU
		{BD15BA0F-993B-4C42-B76C-8CB69D634DAF}.Release|x64.ActiveCfg = Release|Any CPU
		{BD15BA0F-993B-4C42-B76C-8CB69D634DAF}.Release|x64.Build.0 = Release|Any CPU
		{BD15BA0F-993B-4C42-B76C-8CB69D634DAF}.Release|x86.ActiveCfg = Release|Any CPU
		{BD15BA0F-993B-4C42-B76C-8CB69D634DAF}.Release|x86.Build.0 = Release|Any CPU
		{9E8EB366-8B7B-4FF1-8D71-8A1DEC870D53}.Debug|Any CPU.ActiveCfg = Debug|Any CPU
		{9E8EB366-8B7B-4FF1-8D71-8A1DEC870D53}.Debug|Any CPU.Build.0 = Debug|Any CPU
		{9E8EB366-8B7B-4FF1-8D71-8A1DEC870D53}.Debug|x64.ActiveCfg = Debug|Any CPU
		{9E8EB366-8B7B-4FF1-8D71-8A1DEC870D53}.Debug|x64.Build.0 = Debug|Any CPU
		{9E8EB366-8B7B-4FF1-8D71-8A1DEC870D53}.Debug|x86.ActiveCfg = Debug|Any CPU
		{9E8EB366-8B7B-4FF1-8D71-8A1DEC870D53}.Debug|x86.Build.0 = Debug|Any CPU
		{9E8EB366-8B7B-4FF1-8D71-8A1DEC870D53}.Release|Any CPU.ActiveCfg = Release|Any CPU
		{9E8EB366-8B7B-4FF1-8D71-8A1DEC870D53}.Release|Any CPU.Build.0 = Release|Any CPU
		{9E8EB366-8B7B-4FF1-8D71-8A1DEC870D53}.Release|x64.ActiveCfg = Release|Any CPU
		{9E8EB366-8B7B-4FF1-8D71-8A1DEC870D53}.Release|x64.Build.0 = Release|Any CPU
		{9E8EB366-8B7B-4FF1-8D71-8A1DEC870D53}.Release|x86.ActiveCfg = Release|Any CPU
		{9E8EB366-8B7B-4FF1-8D71-8A1DEC870D53}.Release|x86.Build.0 = Release|Any CPU
		{46CDFAD8-A70F-4CF4-9937-D4FEF1ED48DB}.Debug|Any CPU.ActiveCfg = Debug|Any CPU
		{46CDFAD8-A70F-4CF4-9937-D4FEF1ED48DB}.Debug|Any CPU.Build.0 = Debug|Any CPU
		{46CDFAD8-A70F-4CF4-9937-D4FEF1ED48DB}.Debug|x64.ActiveCfg = Debug|Any CPU
		{46CDFAD8-A70F-4CF4-9937-D4FEF1ED48DB}.Debug|x64.Build.0 = Debug|Any CPU
		{46CDFAD8-A70F-4CF4-9937-D4FEF1ED48DB}.Debug|x86.ActiveCfg = Debug|Any CPU
		{46CDFAD8-A70F-4CF4-9937-D4FEF1ED48DB}.Debug|x86.Build.0 = Debug|Any CPU
		{46CDFAD8-A70F-4CF4-9937-D4FEF1ED48DB}.Release|Any CPU.ActiveCfg = Release|Any CPU
		{46CDFAD8-A70F-4CF4-9937-D4FEF1ED48DB}.Release|Any CPU.Build.0 = Release|Any CPU
		{46CDFAD8-A70F-4CF4-9937-D4FEF1ED48DB}.Release|x64.ActiveCfg = Release|Any CPU
		{46CDFAD8-A70F-4CF4-9937-D4FEF1ED48DB}.Release|x64.Build.0 = Release|Any CPU
		{46CDFAD8-A70F-4CF4-9937-D4FEF1ED48DB}.Release|x86.ActiveCfg = Release|Any CPU
		{46CDFAD8-A70F-4CF4-9937-D4FEF1ED48DB}.Release|x86.Build.0 = Release|Any CPU
		{590E55E1-F95B-40B0-A1F4-400FAB369005}.Debug|Any CPU.ActiveCfg = Debug|Any CPU
		{590E55E1-F95B-40B0-A1F4-400FAB369005}.Debug|Any CPU.Build.0 = Debug|Any CPU
		{590E55E1-F95B-40B0-A1F4-400FAB369005}.Debug|x64.ActiveCfg = Debug|Any CPU
		{590E55E1-F95B-40B0-A1F4-400FAB369005}.Debug|x64.Build.0 = Debug|Any CPU
		{590E55E1-F95B-40B0-A1F4-400FAB369005}.Debug|x86.ActiveCfg = Debug|Any CPU
		{590E55E1-F95B-40B0-A1F4-400FAB369005}.Debug|x86.Build.0 = Debug|Any CPU
		{590E55E1-F95B-40B0-A1F4-400FAB369005}.Release|Any CPU.ActiveCfg = Release|Any CPU
		{590E55E1-F95B-40B0-A1F4-400FAB369005}.Release|Any CPU.Build.0 = Release|Any CPU
		{590E55E1-F95B-40B0-A1F4-400FAB369005}.Release|x64.ActiveCfg = Release|Any CPU
		{590E55E1-F95B-40B0-A1F4-400FAB369005}.Release|x64.Build.0 = Release|Any CPU
		{590E55E1-F95B-40B0-A1F4-400FAB369005}.Release|x86.ActiveCfg = Release|Any CPU
		{590E55E1-F95B-40B0-A1F4-400FAB369005}.Release|x86.Build.0 = Release|Any CPU
	EndGlobalSection
	GlobalSection(SolutionProperties) = preSolution
		HideSolutionNode = FALSE
	EndGlobalSection
EndGlobal
